
Microsoft Visual Studio Solution File, Format Version 12.00
# Visual Studio Version 16
VisualStudioVersion = 16.0.30711.63
MinimumVisualStudioVersion = 10.0.40219.1
Project("{FAE04EC0-301F-11D3-BF4B-00C04F79EFBC}") = "MyImpenetrableSite", "MyImpenetrableSite\MyImpenetrableSite.csproj", "{37525F07-9D85-4F04-AFFE-DA65734B26B0}"
EndProject
Global
	GlobalSection(SolutionConfigurationPlatforms) = preSolution
		Debug|Any CPU = Debug|Any CPU
		Release|Any CPU = Release|Any CPU
	EndGlobalSection
	GlobalSection(ProjectConfigurationPlatforms) = postSolution
		{37525F07-9D85-4F04-AFFE-DA65734B26B0}.Debug|Any CPU.ActiveCfg = Debug|Any CPU
		{37525F07-9D85-4F04-AFFE-DA65734B26B0}.Debug|Any CPU.Build.0 = Debug|Any CPU
		{37525F07-9D85-4F04-AFFE-DA65734B26B0}.Release|Any CPU.ActiveCfg = Release|Any CPU
		{37525F07-9D85-4F04-AFFE-DA65734B26B0}.Release|Any CPU.Build.0 = Release|Any CPU
	EndGlobalSection
	GlobalSection(SolutionProperties) = preSolution
		HideSolutionNode = FALSE
	EndGlobalSection
	GlobalSection(ExtensibilityGlobals) = postSolution
		SolutionGuid = {EBD8BED1-1E5D-43BD-A258-28F13A311AA1}
	EndGlobalSection
EndGlobal
